
Microsoft Visual Studio Solution File, Format Version 12.00
# Visual Studio 15
VisualStudioVersion = 15.0.28010.2048
MinimumVisualStudioVersion = 10.0.40219.1
Project("{FAE04EC0-301F-11D3-BF4B-00C04F79EFBC}") = "Econtact", "Econtact.csproj", "{02C5A24A-DB3D-42B6-85FE-B7B3C6703B7E}"
EndProject
Global
	GlobalSection(SolutionConfigurationPlatforms) = preSolution
		Debug|Any CPU = Debug|Any CPU
		Release|Any CPU = Release|Any CPU
	EndGlobalSection
	GlobalSection(ProjectConfigurationPlatforms) = postSolution
		{02C5A24A-DB3D-42B6-85FE-B7B3C6703B7E}.Debug|Any CPU.ActiveCfg = Debug|Any CPU
		{02C5A24A-DB3D-42B6-85FE-B7B3C6703B7E}.Debug|Any CPU.Build.0 = Debug|Any CPU
		{02C5A24A-DB3D-42B6-85FE-B7B3C6703B7E}.Release|Any CPU.ActiveCfg = Release|Any CPU
		{02C5A24A-DB3D-42B6-85FE-B7B3C6703B7E}.Release|Any CPU.Build.0 = Release|Any CPU
	EndGlobalSection
	GlobalSection(SolutionProperties) = preSolution
		HideSolutionNode = FALSE
	EndGlobalSection
	GlobalSection(ExtensibilityGlobals) = postSolution
		SolutionGuid = {D5A9AD48-8DDD-4443-A427-09E0590F6C4D}
	EndGlobalSection
EndGlobal
